<?xml version="1.0" encoding="utf-8"?>
<Project ToolsVersion="4.0" xmlns="http://schemas.microsoft.com/developer/msbuild/2003">
  <ItemGroup>
    <Filter Include="Source Files">
      <UniqueIdentifier>{4FC737F1-C7A5-4376-A066-2A32D752A2FF}</UniqueIdentifier>
      <Extensions>cpp;c;cc;cxx;def;odl;idl;hpj;bat;asm;asmx</Extensions>
    </Filter>
    <Filter Include="Header Files">
      <UniqueIdentifier>{93995380-89BD-4b04-88EB-625FBE52EBFB}</UniqueIdentifier>
      <Extensions>h;hh;hpp;hxx;hm;inl;inc;xsd</Extensions>
    </Filter>
    <Filter Include="Resource Files">
      <UniqueIdentifier>{67DA6AB6-F800-4c08-8B7A-83BB121AAD01}</UniqueIdentifier>
      <Extensions>rc;ico;cur;bmp;dlg;rc2;rct;bin;rgs;gif;jpg;jpeg;jpe;resx;tiff;tif;png;wav</Extensions>
    </Filter>
  </ItemGroup>
  <ItemGroup>
    <ClInclude Include="include\zydis\Decoder.h">
      <Filter>Header Files</Filter>
    </ClInclude>
    <ClInclude Include="include\zydis\DecoderTypes.h">
      <Filter>Header Files</Filter>
    </ClInclude>
    <ClInclude Include="include\zydis\Defines.h">
      <Filter>Header Files</Filter>
    </ClInclude>
    <ClInclude Include="include\zydis\Encoder.h">
      <Filter>Header Files</Filter>
    </ClInclude>
    <ClInclude Include="include\zydis\Formatter.h">
      <Filter>Header Files</Filter>
    </ClInclude>
    <ClInclude Include="include\zydis\FormatterBuffer.h">
      <Filter>Header Files</Filter>
    </ClInclude>
    <ClInclude Include="include\zydis\MetaInfo.h">
      <Filter>Header Files</Filter>
    </ClInclude>
    <ClInclude Include="include\zydis\Mnemonic.h">
      <Filter>Header Files</Filter>
    </ClInclude>
    <ClInclude Include="include\zydis\Register.h">
      <Filter>Header Files</Filter>
    </ClInclude>
    <ClInclude Include="include\zydis\SharedTypes.h">
      <Filter>Header Files</Filter>
    </ClInclude>
    <ClInclude Include="include\zydis\ShortString.h">
      <Filter>Header Files</Filter>
    </ClInclude>
    <ClInclude Include="include\zydis\Status.h">
      <Filter>Header Files</Filter>
    </ClInclude>
    <ClInclude Include="include\zydis\Utils.h">
      <Filter>Header Files</Filter>
    </ClInclude>
    <ClInclude Include="include\zydis\Zydis.h">
      <Filter>Header Files</Filter>
    </ClInclude>
    <ClInclude Include="include\zydis\generated\EnumInstructionCategory.h">
      <Filter>Header Files</Filter>
    </ClInclude>
    <ClInclude Include="include\zydis\generated\EnumISAExt.h">
      <Filter>Header Files</Filter>
    </ClInclude>
    <ClInclude Include="include\zydis\generated\EnumISASet.h">
      <Filter>Header Files</Filter>
    </ClInclude>
    <ClInclude Include="include\zydis\generated\EnumMnemonic.h">
      <Filter>Header Files</Filter>
    </ClInclude>
    <ClInclude Include="include\zydis\generated\EnumRegister.h">
      <Filter>Header Files</Filter>
    </ClInclude>
    <ClInclude Include="include\zydis\internal\DecoderData.h">
      <Filter>Header Files</Filter>
    </ClInclude>
    <ClInclude Include="include\zydis\internal\EncoderData.h">
      <Filter>Header Files</Filter>
    </ClInclude>
    <ClInclude Include="include\zydis\internal\FormatterATT.h">
      <Filter>Header Files</Filter>
    </ClInclude>
    <ClInclude Include="include\zydis\internal\FormatterBase.h">
      <Filter>Header Files</Filter>
    </ClInclude>
    <ClInclude Include="include\zydis\internal\FormatterIntel.h">
      <Filter>Header Files</Filter>
    </ClInclude>
    <ClInclude Include="include\zydis\internal\SharedData.h">
      <Filter>Header Files</Filter>
    </ClInclude>
    <ClInclude Include="include\zydis\internal\String.h">
      <Filter>Header Files</Filter>
    </ClInclude>
    <ClInclude Include="tools\ZydisFuzzShared.h">
      <Filter>Header Files</Filter>
    </ClInclude>
  </ItemGroup>
  <ItemGroup>
    <None Include="src\generated\AccessedFlags.inc">
      <Filter>Header Files</Filter>
    </None>
    <None Include="src\generated\DecoderTables.inc">
      <Filter>Header Files</Filter>
    </None>
    <None Include="src\generated\EncoderTables.inc">
      <Filter>Header Files</Filter>
    </None>
    <None Include="src\generated\EnumInstructionCategory.inc">
      <Filter>Header Files</Filter>
    </None>
    <None Include="src\generated\EnumISAExt.inc">
      <Filter>Header Files</Filter>
    </None>
    <None Include="src\generated\EnumISASet.inc">
      <Filter>Header Files</Filter>
    </None>
    <None Include="src\generated\EnumMnemonic.inc">
      <Filter>Header Files</Filter>
    </None>
    <None Include="src\generated\EnumRegister.inc">
      <Filter>Header Files</Filter>
    </None>
    <None Include="src\generated\FormatterStrings.inc">
      <Filter>Header Files</Filter>
    </None>
    <None Include="src\generated\InstructionDefinitions.inc">
      <Filter>Header Files</Filter>
    </None>
    <None Include="src\generated\InstructionEncodings.inc">
      <Filter>Header Files</Filter>
    </None>
    <None Include="src\generated\OperandDefinitions.inc">
      <Filter>Header Files</Filter>
    </None>
    <None Include="src\generated\RegisterClassLookup.inc">
      <Filter>Header Files</Filter>
    </None>
    <None Include="src\generated\RegisterLookup.inc">
      <Filter>Header Files</Filter>
    </None>
  </ItemGroup>
  <ItemGroup>
    <ResourceCompile Include="resources\VersionInfo.rc">
      <Filter>Resource Files</Filter>
    </ResourceCompile>
  </ItemGroup>
  <ItemGroup>
    <ClCompile Include="src\Decoder.c">
      <Filter>Source Files</Filter>
    </ClCompile>
    <ClCompile Include="src\DecoderData.c">
      <Filter>Source Files</Filter>
    </ClCompile>
    <ClCompile Include="src\Encoder.c">
      <Filter>Source Files</Filter>
    </ClCompile>
    <ClCompile Include="src\EncoderData.c">
      <Filter>Source Files</Filter>
    </ClCompile>
    <ClCompile Include="src\Formatter.c">
      <Filter>Source Files</Filter>
    </ClCompile>
    <ClCompile Include="src\FormatterATT.c">
      <Filter>Source Files</Filter>
    </ClCompile>
    <ClCompile Include="src\FormatterBase.c">
      <Filter>Source Files</Filter>
    </ClCompile>
    <ClCompile Include="src\FormatterBuffer.c">
      <Filter>Source Files</Filter>
    </ClCompile>
    <ClCompile Include="src\FormatterIntel.c">
      <Filter>Source Files</Filter>
    </ClCompile>
    <ClCompile Include="src\MetaInfo.c">
      <Filter>Source Files</Filter>
    </ClCompile>
    <ClCompile Include="src\Mnemonic.c">
      <Filter>Source Files</Filter>
    </ClCompile>
    <ClCompile Include="src\Register.c">
      <Filter>Source Files</Filter>
    </ClCompile>
    <ClCompile Include="src\SharedData.c">
      <Filter>Source Files</Filter>
    </ClCompile>
    <ClCompile Include="src\String.c">
      <Filter>Source Files</Filter>
    </ClCompile>
    <ClCompile Include="src\Utils.c">
      <Filter>Source Files</Filter>
    </ClCompile>
    <ClCompile Include="src\Zydis.c">
      <Filter>Source Files</Filter>
    </ClCompile>
  </ItemGroup>
</Project>